{
  "name": "rtennui-server",
  "version": "0.6.1",
  "lockfileVersion": 2,
  "requires": true,
  "packages": {
    "": {
      "name": "rtennui-server",
      "version": "0.6.1",
      "license": "ISC",
      "dependencies": {
        "rtennui": "^0.8.0",
        "wrtc": "^0.4.7",
        "ws": "^8.3.0"
      },
      "devDependencies": {
        "@types/node": "^22.9.0",
        "typescript": "^5.6.3"
      }
    },
    "node_modules/@types/node": {
      "version": "22.9.4",
      "resolved": "https://registry.npmjs.org/@types/node/-/node-22.9.4.tgz",
      "integrity": "sha512-d9RWfoR7JC/87vj7n+PVTzGg9hDyuFjir3RxUHbjFSKNd9mpxbxwMEyaCim/ddCmy4IuW7HjTzF3g9p3EtWEOg==",
      "dev": true,
      "dependencies": {
        "undici-types": "~6.19.8"
      }
    },
    "node_modules/@ungap/global-this": {
      "version": "0.4.4",
      "resolved": "https://registry.npmjs.org/@ungap/global-this/-/global-this-0.4.4.tgz",
      "integrity": "sha512-mHkm6FvepJECMNthFuIgpAEFmPOk71UyXuIxYfjytvFTnSDBIz7jmViO+LfHI/AjrazWije0PnSP3+/NlwzqtA=="
    },
    "node_modules/domexception": {
      "version": "1.0.1",
      "resolved": "https://registry.npmjs.org/domexception/-/domexception-1.0.1.tgz",
      "integrity": "sha512-raigMkn7CJNNo6Ihro1fzG7wr3fHuYVytzquZKX5n0yizGsTcYgzdIUwj1X9pK0VvjeihV+XiclP+DjwbsSKug==",
      "optional": true,
      "dependencies": {
        "webidl-conversions": "^4.0.2"
      }
    },
    "node_modules/fast-xml-parser": {
      "version": "4.3.2",
      "resolved": "https://registry.npmjs.org/fast-xml-parser/-/fast-xml-parser-4.3.2.tgz",
      "integrity": "sha512-rmrXUXwbJedoXkStenj1kkljNF7ugn5ZjR9FJcwmCfcCbtOMDghPajbc+Tck6vE6F5XsDmx+Pr2le9fw8+pXBg==",
      "funding": [
        {
          "type": "github",
          "url": "https://github.com/sponsors/NaturalIntelligence"
        },
        {
          "type": "paypal",
          "url": "https://paypal.me/naturalintelligence"
        }
      ],
      "dependencies": {
        "strnum": "^1.0.5"
      },
      "bin": {
        "fxparser": "src/cli/cli.js"
      }
    },
    "node_modules/libav.js": {
      "version": "4.8.6",
      "resolved": "https://registry.npmjs.org/libav.js/-/libav.js-4.8.6.tgz",
      "integrity": "sha512-0dJD0U3DEy/dq6L1vcX8LaRgHHLyDUYaFylL5cbMCBi0lZyOECD6TjU8w86rSgP6Ts/obNidx3OcVOvVYq/E3Q==",
      "dependencies": {
        "fast-xml-parser": "^4.2.2"
      }
    },
    "node_modules/libavjs-webcodecs-polyfill": {
      "version": "0.4.4",
      "resolved": "https://registry.npmjs.org/libavjs-webcodecs-polyfill/-/libavjs-webcodecs-polyfill-0.4.4.tgz",
      "integrity": "sha512-r9mOXCjWmjhkEvAMWXUiqPmGWEi2iJbx9ob+mFU0Jw1CCu8BwyRjUngWsvFDjmY4uRYSewxYh+9L846xHAes5Q==",
      "dependencies": {
        "@ungap/global-this": "^0.4.4"
      }
    },
    "node_modules/rtennui": {
      "version": "0.8.0",
      "resolved": "https://registry.npmjs.org/rtennui/-/rtennui-0.8.0.tgz",
      "integrity": "sha512-5MSPuaH/XjBxtlXZ2Y/XrdkNUw87Jlzci9zWtrRhyg71/CbCrGSJ2RDjpsyVjzNyGJNNrTzp+tCea9BoVEviXg==",
      "dependencies": {
        "libav.js": "^4.6.6",
        "libavjs-webcodecs-polyfill": "^0.4.4",
        "weasound": "^1.2.6"
      }
    },
    "node_modules/strnum": {
      "version": "1.0.5",
      "resolved": "https://registry.npmjs.org/strnum/-/strnum-1.0.5.tgz",
      "integrity": "sha512-J8bbNyKKXl5qYcR36TIO8W3mVGVHrmmxsd5PAItGkmyzwJvybiw2IVq5nqd0i4LSNSkB/sx9VHllbfFdr9k1JA=="
    },
    "node_modules/typescript": {
      "version": "5.7.2",
      "resolved": "https://registry.npmjs.org/typescript/-/typescript-5.7.2.tgz",
      "integrity": "sha512-i5t66RHxDvVN40HfDd1PsEThGNnlMCMT3jMUuoh9/0TaqWevNontacunWyN02LA9/fIbEWlcHZcgTKb9QoaLfg==",
      "dev": true,
      "bin": {
        "tsc": "bin/tsc",
        "tsserver": "bin/tsserver"
      },
      "engines": {
        "node": ">=14.17"
      }
    },
    "node_modules/undici-types": {
      "version": "6.19.8",
      "resolved": "https://registry.npmjs.org/undici-types/-/undici-types-6.19.8.tgz",
      "integrity": "sha512-ve2KP6f/JnbPBFyobGHuerC9g1FYGn/F8n1LWTwNxCEzd6IfqTwUQcNXgEtmmQ6DlRrC1hrSrBnCZPokRrDHjw==",
      "dev": true
    },
    "node_modules/weasound": {
      "version": "1.2.6",
      "resolved": "https://registry.npmjs.org/weasound/-/weasound-1.2.6.tgz",
      "integrity": "sha512-A8sGzcnoIraquAVIIWHgFW9Feiil9oBPH3PMtAaXQaXn9skpr8z8dktLCpeuvgl/bfYA5Ku1+u5l+Pp4NNPoCQ=="
    },
    "node_modules/webidl-conversions": {
      "version": "4.0.2",
      "resolved": "https://registry.npmjs.org/webidl-conversions/-/webidl-conversions-4.0.2.tgz",
      "integrity": "sha512-YQ+BmxuTgd6UXZW3+ICGfyqRyHXVlD5GtQr5+qjiNW7bF0cqrzX500HVXPBOvgXb5YnzDd+h0zqyv61KUD7+Sg==",
      "optional": true
    },
    "node_modules/wrtc": {
      "version": "0.4.7",
      "resolved": "https://registry.npmjs.org/wrtc/-/wrtc-0.4.7.tgz",
      "integrity": "sha512-P6Hn7VT4lfSH49HxLHcHhDq+aFf/jd9dPY7lDHeFhZ22N3858EKuwm2jmnlPzpsRGEPaoF6XwkcxY5SYnt4f/g==",
      "bundleDependencies": [
        "node-pre-gyp"
      ],
      "hasInstallScript": true,
      "dependencies": {
        "node-pre-gyp": "^0.13.0"
      },
      "engines": {
        "node": "^8.11.2 || >=10.0.0"
      },
      "optionalDependencies": {
        "domexception": "^1.0.1"
      }
    },
    "node_modules/ws": {
      "version": "8.18.0",
      "resolved": "https://registry.npmjs.org/ws/-/ws-8.18.0.tgz",
      "integrity": "sha512-8VbfWfHLbbwu3+N6OKsOMpBdT4kXPDDB9cJk2bJ6mh9ucxdlnNvH1e+roYkKmN9Nxw2yjz7VzeO9oOz2zJ04Pw==",
      "engines": {
        "node": ">=10.0.0"
      },
      "peerDependencies": {
        "bufferutil": "^4.0.1",
        "utf-8-validate": ">=5.0.2"
      },
      "peerDependenciesMeta": {
        "bufferutil": {
          "optional": true
        },
        "utf-8-validate": {
          "optional": true
        }
      }
    }
  },
  "dependencies": {
    "@types/node": {
      "version": "22.9.4",
      "resolved": "https://registry.npmjs.org/@types/node/-/node-22.9.4.tgz",
      "integrity": "sha512-d9RWfoR7JC/87vj7n+PVTzGg9hDyuFjir3RxUHbjFSKNd9mpxbxwMEyaCim/ddCmy4IuW7HjTzF3g9p3EtWEOg==",
      "dev": true,
      "requires": {
        "undici-types": "~6.19.8"
      }
    },
    "@ungap/global-this": {
      "version": "0.4.4",
      "resolved": "https://registry.npmjs.org/@ungap/global-this/-/global-this-0.4.4.tgz",
      "integrity": "sha512-mHkm6FvepJECMNthFuIgpAEFmPOk71UyXuIxYfjytvFTnSDBIz7jmViO+LfHI/AjrazWije0PnSP3+/NlwzqtA=="
    },
    "domexception": {
      "version": "1.0.1",
      "resolved": "https://registry.npmjs.org/domexception/-/domexception-1.0.1.tgz",
      "integrity": "sha512-raigMkn7CJNNo6Ihro1fzG7wr3fHuYVytzquZKX5n0yizGsTcYgzdIUwj1X9pK0VvjeihV+XiclP+DjwbsSKug==",
      "optional": true,
      "requires": {
        "webidl-conversions": "^4.0.2"
      }
    },
    "fast-xml-parser": {
      "version": "4.3.2",
      "resolved": "https://registry.npmjs.org/fast-xml-parser/-/fast-xml-parser-4.3.2.tgz",
      "integrity": "sha512-rmrXUXwbJedoXkStenj1kkljNF7ugn5ZjR9FJcwmCfcCbtOMDghPajbc+Tck6vE6F5XsDmx+Pr2le9fw8+pXBg==",
      "requires": {
        "strnum": "^1.0.5"
      }
    },
    "libav.js": {
      "version": "4.8.6",
      "resolved": "https://registry.npmjs.org/libav.js/-/libav.js-4.8.6.tgz",
      "integrity": "sha512-0dJD0U3DEy/dq6L1vcX8LaRgHHLyDUYaFylL5cbMCBi0lZyOECD6TjU8w86rSgP6Ts/obNidx3OcVOvVYq/E3Q==",
      "requires": {
        "fast-xml-parser": "^4.2.2"
      }
    },
    "libavjs-webcodecs-polyfill": {
      "version": "0.4.4",
      "resolved": "https://registry.npmjs.org/libavjs-webcodecs-polyfill/-/libavjs-webcodecs-polyfill-0.4.4.tgz",
      "integrity": "sha512-r9mOXCjWmjhkEvAMWXUiqPmGWEi2iJbx9ob+mFU0Jw1CCu8BwyRjUngWsvFDjmY4uRYSewxYh+9L846xHAes5Q==",
      "requires": {
        "@ungap/global-this": "^0.4.4"
      }
    },
    "rtennui": {
      "version": "0.8.0",
      "resolved": "https://registry.npmjs.org/rtennui/-/rtennui-0.8.0.tgz",
      "integrity": "sha512-5MSPuaH/XjBxtlXZ2Y/XrdkNUw87Jlzci9zWtrRhyg71/CbCrGSJ2RDjpsyVjzNyGJNNrTzp+tCea9BoVEviXg==",
      "requires": {
        "libav.js": "^4.6.6",
        "libavjs-webcodecs-polyfill": "^0.4.4",
        "weasound": "^1.2.6"
      }
    },
    "strnum": {
      "version": "1.0.5",
      "resolved": "https://registry.npmjs.org/strnum/-/strnum-1.0.5.tgz",
      "integrity": "sha512-J8bbNyKKXl5qYcR36TIO8W3mVGVHrmmxsd5PAItGkmyzwJvybiw2IVq5nqd0i4LSNSkB/sx9VHllbfFdr9k1JA=="
    },
    "typescript": {
      "version": "5.7.2",
      "resolved": "https://registry.npmjs.org/typescript/-/typescript-5.7.2.tgz",
      "integrity": "sha512-i5t66RHxDvVN40HfDd1PsEThGNnlMCMT3jMUuoh9/0TaqWevNontacunWyN02LA9/fIbEWlcHZcgTKb9QoaLfg==",
      "dev": true
    },
    "undici-types": {
      "version": "6.19.8",
      "resolved": "https://registry.npmjs.org/undici-types/-/undici-types-6.19.8.tgz",
      "integrity": "sha512-ve2KP6f/JnbPBFyobGHuerC9g1FYGn/F8n1LWTwNxCEzd6IfqTwUQcNXgEtmmQ6DlRrC1hrSrBnCZPokRrDHjw==",
      "dev": true
    },
    "weasound": {
      "version": "1.2.6",
      "resolved": "https://registry.npmjs.org/weasound/-/weasound-1.2.6.tgz",
      "integrity": "sha512-A8sGzcnoIraquAVIIWHgFW9Feiil9oBPH3PMtAaXQaXn9skpr8z8dktLCpeuvgl/bfYA5Ku1+u5l+Pp4NNPoCQ=="
    },
    "webidl-conversions": {
      "version": "4.0.2",
      "resolved": "https://registry.npmjs.org/webidl-conversions/-/webidl-conversions-4.0.2.tgz",
      "integrity": "sha512-YQ+BmxuTgd6UXZW3+ICGfyqRyHXVlD5GtQr5+qjiNW7bF0cqrzX500HVXPBOvgXb5YnzDd+h0zqyv61KUD7+Sg==",
      "optional": true
    },
    "wrtc": {
      "version": "0.4.7",
      "resolved": "https://registry.npmjs.org/wrtc/-/wrtc-0.4.7.tgz",
      "integrity": "sha512-P6Hn7VT4lfSH49HxLHcHhDq+aFf/jd9dPY7lDHeFhZ22N3858EKuwm2jmnlPzpsRGEPaoF6XwkcxY5SYnt4f/g==",
      "requires": {
        "domexception": "^1.0.1",
        "node-pre-gyp": "^0.13.0"
      }
    },
    "ws": {
      "version": "8.18.0",
      "resolved": "https://registry.npmjs.org/ws/-/ws-8.18.0.tgz",
      "integrity": "sha512-8VbfWfHLbbwu3+N6OKsOMpBdT4kXPDDB9cJk2bJ6mh9ucxdlnNvH1e+roYkKmN9Nxw2yjz7VzeO9oOz2zJ04Pw==",
      "requires": {}
    }
  }
}
